
Microsoft Visual Studio Solution File, Format Version 12.00
# Visual Studio 15
VisualStudioVersion = 15.0.27130.2010
MinimumVisualStudioVersion = 10.0.40219.1
Project("{FAE04EC0-301F-11D3-BF4B-00C04F79EFBC}") = "kursach", "kursach\kursach.csproj", "{291A0687-6B65-4223-A187-26CD5E5594AB}"
EndProject
Project("{FAE04EC0-301F-11D3-BF4B-00C04F79EFBC}") = "Core", "Core\Core.csproj", "{7813F885-146C-42FF-839F-197B0C5456BF}"
EndProject
Global
	GlobalSection(SolutionConfigurationPlatforms) = preSolution
		Debug|Any CPU = Debug|Any CPU
		Release|Any CPU = Release|Any CPU
	EndGlobalSection
	GlobalSection(ProjectConfigurationPlatforms) = postSolution
		{291A0687-6B65-4223-A187-26CD5E5594AB}.Debug|Any CPU.ActiveCfg = Debug|Any CPU
		{291A0687-6B65-4223-A187-26CD5E5594AB}.Debug|Any CPU.Build.0 = Debug|Any CPU
		{291A0687-6B65-4223-A187-26CD5E5594AB}.Release|Any CPU.ActiveCfg = Release|Any CPU
		{291A0687-6B65-4223-A187-26CD5E5594AB}.Release|Any CPU.Build.0 = Release|Any CPU
		{7813F885-146C-42FF-839F-197B0C5456BF}.Debug|Any CPU.ActiveCfg = Debug|Any CPU
		{7813F885-146C-42FF-839F-197B0C5456BF}.Debug|Any CPU.Build.0 = Debug|Any CPU
		{7813F885-146C-42FF-839F-197B0C5456BF}.Release|Any CPU.ActiveCfg = Release|Any CPU
		{7813F885-146C-42FF-839F-197B0C5456BF}.Release|Any CPU.Build.0 = Release|Any CPU
	EndGlobalSection
	GlobalSection(SolutionProperties) = preSolution
		HideSolutionNode = FALSE
	EndGlobalSection
	GlobalSection(ExtensibilityGlobals) = postSolution
		SolutionGuid = {F0CD03D8-2467-4818-ABA0-91E966736A47}
	EndGlobalSection
EndGlobal
